
#include <iostream> 
#include <cmath>    
using namespace std;
#include <iostream>
#include <cmath>

using namespace std;


int main()
{
   

    double x; // вхідний параметр
    double y; // результат обчислення виразу
    double A; // проміжний результат - функціонально стала частина виразу
    double B; // проміжний результат - функціонально змінна частина виразу

    cout << "x = ";
    cin >> x;

    
    A = 5 * exp(3 * x);

    // --- спосіб 1: розгалуження в скороченій формі (три окремі if) ---
    if (x < -1)
    {
        
        if (2 * pow(x, 3) - 7 < 0) {
            cout << endl;
            return 1;
        }
        B = sqrt(2 * pow(x, 3) - 7);
    }

    if (x >= -1 && x < 3)
    {
        
        if (1 - x / 4 <= 0) {
            cout << endl;
            return 1;
        }
        B = 2 * log10(1 - x / 4);
    }

    if (x >= 3)
    {
        B = fabs(cos(x)) + 3;
    }

    y = A - B;
    cout << endl;
    cout << "1) y = " << y << endl;

    // --- спосіб 2: розгалуження в повній формі (вкладені if-else) ---
    if (x < -1)
    {
       
        if (2 * pow(x, 3) - 7 < 0) {

