
Microsoft Visual Studio Solution File, Format Version 12.00
# Visual Studio Version 17
VisualStudioVersion = 17.14.36429.23 d17.14
MinimumVisualStudioVersion = 10.0.40219.1
Project("{8BC9CEB8-8B4A-11D0-8D11-00A0C91BC942}") = "АП 2.01", "АП 2.01\АП 2.01.vcxproj", "{5A96FC88-295C-4F52-B813-B5255CBC843B}"
EndProject
Global
	GlobalSection(SolutionConfigurationPlatforms) = preSolution
		Debug|x64 = Debug|x64
		Debug|x86 = Debug|x86
		Release|x64 = Release|x64
		Release|x86 = Release|x86
	EndGlobalSection
	GlobalSection(ProjectConfigurationPlatforms) = postSolution
		{5A96FC88-295C-4F52-B813-B5255CBC843B}.Debug|x64.ActiveCfg = Debug|x64
		{5A96FC88-295C-4F52-B813-B5255CBC843B}.Debug|x64.Build.0 = Debug|x64
		{5A96FC88-295C-4F52-B813-B5255CBC843B}.Debug|x86.ActiveCfg = Debug|Win32
		{5A96FC88-295C-4F52-B813-B5255CBC843B}.Debug|x86.Build.0 = Debug|Win32
		{5A96FC88-295C-4F52-B813-B5255CBC843B}.Release|x64.ActiveCfg = Release|x64
		{5A96FC88-295C-4F52-B813-B5255CBC843B}.Release|x64.Build.0 = Release|x64
		{5A96FC88-295C-4F52-B813-B5255CBC843B}.Release|x86.ActiveCfg = Release|Win32
		{5A96FC88-295C-4F52-B813-B5255CBC843B}.Release|x86.Build.0 = Release|Win32
	EndGlobalSection
	GlobalSection(SolutionProperties) = preSolution
		HideSolutionNode = FALSE
	EndGlobalSection
	GlobalSection(ExtensibilityGlobals) = postSolution
		SolutionGuid = {F095DCE5-2E56-402B-8659-0AF727A52278}
	EndGlobalSection
EndGlobal
